
Microsoft Visual Studio Solution File, Format Version 12.00
# Visual Studio Version 17
VisualStudioVersion = 17.6.33723.286
MinimumVisualStudioVersion = 10.0.40219.1
Project("{9A19103F-16F7-4668-BE54-9A1E7A4F7556}") = "CoolCrafts.WebSite", "CoolCrafts.WebSite\CoolCrafts.WebSite.csproj", "{3431AAC8-15C0-4627-AD95-677A177A3815}"
EndProject
Global
	GlobalSection(SolutionConfigurationPlatforms) = preSolution
		Debug|Any CPU = Debug|Any CPU
		Release|Any CPU = Release|Any CPU
	EndGlobalSection
	GlobalSection(ProjectConfigurationPlatforms) = postSolution
		{3431AAC8-15C0-4627-AD95-677A177A3815}.Debug|Any CPU.ActiveCfg = Debug|Any CPU
		{3431AAC8-15C0-4627-AD95-677A177A3815}.Debug|Any CPU.Build.0 = Debug|Any CPU
		{3431AAC8-15C0-4627-AD95-677A177A3815}.Release|Any CPU.ActiveCfg = Release|Any CPU
		{3431AAC8-15C0-4627-AD95-677A177A3815}.Release|Any CPU.Build.0 = Release|Any CPU
	EndGlobalSection
	GlobalSection(SolutionProperties) = preSolution
		HideSolutionNode = FALSE
	EndGlobalSection
	GlobalSection(ExtensibilityGlobals) = postSolution
		SolutionGuid = {59F9D3F1-0088-46C6-8E8A-56CFFA35DEE4}
	EndGlobalSection
EndGlobal
